
Microsoft Visual Studio Solution File, Format Version 12.00
# Visual Studio Version 17
VisualStudioVersion = 17.1.32228.430
MinimumVisualStudioVersion = 10.0.40219.1
Project("{8BC9CEB8-8B4A-11D0-8D11-00A0C91BC942}") = "Project13", "Project13\Project13.vcxproj", "{CF9C577B-35E8-48A3-9051-36D49D907D2D}"
EndProject
Global
	GlobalSection(SolutionConfigurationPlatforms) = preSolution
		Debug|x64 = Debug|x64
		Debug|x86 = Debug|x86
		Release|x64 = Release|x64
		Release|x86 = Release|x86
	EndGlobalSection
	GlobalSection(ProjectConfigurationPlatforms) = postSolution
		{CF9C577B-35E8-48A3-9051-36D49D907D2D}.Debug|x64.ActiveCfg = Debug|x64
		{CF9C577B-35E8-48A3-9051-36D49D907D2D}.Debug|x64.Build.0 = Debug|x64
		{CF9C577B-35E8-48A3-9051-36D49D907D2D}.Debug|x86.ActiveCfg = Debug|Win32
		{CF9C577B-35E8-48A3-9051-36D49D907D2D}.Debug|x86.Build.0 = Debug|Win32
		{CF9C577B-35E8-48A3-9051-36D49D907D2D}.Release|x64.ActiveCfg = Release|x64
		{CF9C577B-35E8-48A3-9051-36D49D907D2D}.Release|x64.Build.0 = Release|x64
		{CF9C577B-35E8-48A3-9051-36D49D907D2D}.Release|x86.ActiveCfg = Release|Win32
		{CF9C577B-35E8-48A3-9051-36D49D907D2D}.Release|x86.Build.0 = Release|Win32
	EndGlobalSection
	GlobalSection(SolutionProperties) = preSolution
		HideSolutionNode = FALSE
	EndGlobalSection
	GlobalSection(ExtensibilityGlobals) = postSolution
		SolutionGuid = {B5FADFA3-CE7A-4351-B82D-5437C5778F87}
	EndGlobalSection
EndGlobal
